
Microsoft Visual Studio Solution File, Format Version 12.00
# Visual Studio Version 16
VisualStudioVersion = 16.0.32510.428
MinimumVisualStudioVersion = 10.0.40219.1
Project("{FAE04EC0-301F-11D3-BF4B-00C04F79EFBC}") = "StaticExercise", "StaticExercise\StaticExercise.csproj", "{7E99167D-6F3E-4DC7-A905-C6D534641775}"
EndProject
Global
	GlobalSection(SolutionConfigurationPlatforms) = preSolution
		Debug|Any CPU = Debug|Any CPU
		Release|Any CPU = Release|Any CPU
	EndGlobalSection
	GlobalSection(ProjectConfigurationPlatforms) = postSolution
		{7E99167D-6F3E-4DC7-A905-C6D534641775}.Debug|Any CPU.ActiveCfg = Debug|Any CPU
		{7E99167D-6F3E-4DC7-A905-C6D534641775}.Debug|Any CPU.Build.0 = Debug|Any CPU
		{7E99167D-6F3E-4DC7-A905-C6D534641775}.Release|Any CPU.ActiveCfg = Release|Any CPU
		{7E99167D-6F3E-4DC7-A905-C6D534641775}.Release|Any CPU.Build.0 = Release|Any CPU
	EndGlobalSection
	GlobalSection(SolutionProperties) = preSolution
		HideSolutionNode = FALSE
	EndGlobalSection
	GlobalSection(ExtensibilityGlobals) = postSolution
		SolutionGuid = {C811EECE-D2A6-4752-9427-D512F6EB3D83}
	EndGlobalSection
EndGlobal
